<?xml version="1.0" encoding="utf-8"?>
<Project ToolsVersion="4.0" xmlns="http://schemas.microsoft.com/developer/msbuild/2003">
  <ItemGroup>
    <Filter Include="源文件">
      <UniqueIdentifier>{4FC737F1-C7A5-4376-A066-2A32D752A2FF}</UniqueIdentifier>
      <Extensions>cpp;c;cc;cxx;c++;cppm;ixx;def;odl;idl;hpj;bat;asm;asmx</Extensions>
    </Filter>
    <Filter Include="头文件">
      <UniqueIdentifier>{93995380-89BD-4b04-88EB-625FBE52EBFB}</UniqueIdentifier>
      <Extensions>h;hh;hpp;hxx;h++;hm;inl;inc;ipp;xsd</Extensions>
    </Filter>
    <Filter Include="资源文件">
      <UniqueIdentifier>{67DA6AB6-F800-4c08-8B7A-83BB121AAD01}</UniqueIdentifier>
      <Extensions>rc;ico;cur;bmp;dlg;rc2;rct;bin;rgs;gif;jpg;jpeg;jpe;resx;tiff;tif;png;wav;mfcribbon-ms</Extensions>
    </Filter>
    <Filter Include="Shaders">
      <UniqueIdentifier>{b3c97b4b-96e9-4827-871c-f4e4212a354a}</UniqueIdentifier>
    </Filter>
    <Filter Include="Shaders\GLSL">
      <UniqueIdentifier>{4b798ae3-d4af-43f5-b100-7f814f7592f0}</UniqueIdentifier>
    </Filter>
  </ItemGroup>
  <ItemGroup>
    <ClCompile Include="multithreading.cpp">
      <Filter>源文件</Filter>
    </ClCompile>
  </ItemGroup>
  <ItemGroup>
    <None Include="..\..\data\shaders\glsl\multithreading\starsphere.vert">
      <Filter>Shaders\GLSL</Filter>
    </None>
    <None Include="..\..\data\shaders\glsl\multithreading\starsphere.frag">
      <Filter>Shaders\GLSL</Filter>
    </None>
    <None Include="..\..\data\shaders\glsl\multithreading\phong.vert">
      <Filter>Shaders\GLSL</Filter>
    </None>
    <None Include="..\..\data\shaders\glsl\multithreading\phong.frag">
      <Filter>Shaders\GLSL</Filter>
    </None>
  </ItemGroup>
</Project>